Microsoft Visual Studio Solution File, Format Version 12.00
# Visual Studio Version 17
VisualStudioVersion = 17.14.36203.30
MinimumVisualStudioVersion = 10.0.40219.1
Project("{FAE04EC0-301F-11D3-BF4B-00C04F79EFBC}") = "yurr", "yurr.csproj", "{F3B11DDA-1226-4448-A529-0ECB94D3E7A2}"
EndProject
Global
	GlobalSection(SolutionConfigurationPlatforms) = preSolution
		Debug|Any CPU = Debug|Any CPU
		Release|Any CPU = Release|Any CPU
	EndGlobalSection
	GlobalSection(ProjectConfigurationPlatforms) = postSolution
		{F3B11DDA-1226-4448-A529-0ECB94D3E7A2}.Debug|Any CPU.ActiveCfg = Debug|Any CPU
		{F3B11DDA-1226-4448-A529-0ECB94D3E7A2}.Debug|Any CPU.Build.0 = Debug|Any CPU
		{F3B11DDA-1226-4448-A529-0ECB94D3E7A2}.Release|Any CPU.ActiveCfg = Release|Any CPU
		{F3B11DDA-1226-4448-A529-0ECB94D3E7A2}.Release|Any CPU.Build.0 = Release|Any CPU
	EndGlobalSection
	GlobalSection(SolutionProperties) = preSolution
		HideSolutionNode = FALSE
	EndGlobalSection
	GlobalSection(ExtensibilityGlobals) = postSolution
		SolutionGuid = {FD8129AD-E0CD-4A4A-83F9-594D44981581}
	EndGlobalSection
EndGlobal
